
Microsoft Visual Studio Solution File, Format Version 12.00
# Visual Studio 2013
VisualStudioVersion = 12.0.30324.0
MinimumVisualStudioVersion = 10.0.40219.1
Project("{FAE04EC0-301F-11D3-BF4B-00C04F79EFBC}") = "HipChat.Net", "HipChat.Net\HipChat.Net.csproj", "{8176E577-655F-42E1-8DAD-EE6A2DED871E}"
EndProject
Project("{FAE04EC0-301F-11D3-BF4B-00C04F79EFBC}") = "HipChatWeb", "HipChatWeb\HipChatWeb.csproj", "{19D0CBED-7F0C-461E-AD6E-45A5174542AB}"
EndProject
Global
	GlobalSection(SolutionConfigurationPlatforms) = preSolution
		Debug|Any CPU = Debug|Any CPU
		Debug|ARM = Debug|ARM
		Debug|x64 = Debug|x64
		Debug|x86 = Debug|x86
		Release|Any CPU = Release|Any CPU
		Release|ARM = Release|ARM
		Release|x64 = Release|x64
		Release|x86 = Release|x86
	EndGlobalSection
	GlobalSection(ProjectConfigurationPlatforms) = postSolution
		{8176E577-655F-42E1-8DAD-EE6A2DED871E}.Debug|Any CPU.ActiveCfg = Debug|Any CPU
		{8176E577-655F-42E1-8DAD-EE6A2DED871E}.Debug|Any CPU.Build.0 = Debug|Any CPU
		{8176E577-655F-42E1-8DAD-EE6A2DED871E}.Debug|ARM.ActiveCfg = Debug|Any CPU
		{8176E577-655F-42E1-8DAD-EE6A2DED871E}.Debug|x64.ActiveCfg = Debug|Any CPU
		{8176E577-655F-42E1-8DAD-EE6A2DED871E}.Debug|x86.ActiveCfg = Debug|Any CPU
		{8176E577-655F-42E1-8DAD-EE6A2DED871E}.Release|Any CPU.ActiveCfg = Release|Any CPU
		{8176E577-655F-42E1-8DAD-EE6A2DED871E}.Release|Any CPU.Build.0 = Release|Any CPU
		{8176E577-655F-42E1-8DAD-EE6A2DED871E}.Release|ARM.ActiveCfg = Release|Any CPU
		{8176E577-655F-42E1-8DAD-EE6A2DED871E}.Release|x64.ActiveCfg = Release|Any CPU
		{8176E577-655F-42E1-8DAD-EE6A2DED871E}.Release|x86.ActiveCfg = Release|Any CPU
		{19D0CBED-7F0C-461E-AD6E-45A5174542AB}.Debug|Any CPU.ActiveCfg = Debug|Any CPU
		{19D0CBED-7F0C-461E-AD6E-45A5174542AB}.Debug|Any CPU.Build.0 = Debug|Any CPU
		{19D0CBED-7F0C-461E-AD6E-45A5174542AB}.Debug|ARM.ActiveCfg = Debug|Any CPU
		{19D0CBED-7F0C-461E-AD6E-45A5174542AB}.Debug|x64.ActiveCfg = Debug|Any CPU
		{19D0CBED-7F0C-461E-AD6E-45A5174542AB}.Debug|x86.ActiveCfg = Debug|Any CPU
		{19D0CBED-7F0C-461E-AD6E-45A5174542AB}.Release|Any CPU.ActiveCfg = Release|Any CPU
		{19D0CBED-7F0C-461E-AD6E-45A5174542AB}.Release|Any CPU.Build.0 = Release|Any CPU
		{19D0CBED-7F0C-461E-AD6E-45A5174542AB}.Release|ARM.ActiveCfg = Release|Any CPU
		{19D0CBED-7F0C-461E-AD6E-45A5174542AB}.Release|x64.ActiveCfg = Release|Any CPU
		{19D0CBED-7F0C-461E-AD6E-45A5174542AB}.Release|x86.ActiveCfg = Release|Any CPU
	EndGlobalSection
	GlobalSection(SolutionProperties) = preSolution
		HideSolutionNode = FALSE
	EndGlobalSection
EndGlobal
